
Microsoft Visual Studio Solution File, Format Version 12.00
# Visual Studio Version 16
VisualStudioVersion = 16.0.30523.141
MinimumVisualStudioVersion = 10.0.40219.1
Project("{FAE04EC0-301F-11D3-BF4B-00C04F79EFBC}") = "Keysmith.Android", "Keysmith.Android\Keysmith.Android.csproj", "{730A3BF1-4580-4512-8320-018F227313D3}"
EndProject
Project("{9A19103F-16F7-4668-BE54-9A1E7A4F7556}") = "Keysmith", "Keysmith\Keysmith.csproj", "{3D045497-12AE-4ADE-96D1-05E1CEEA510C}"
EndProject
Project("{FAE04EC0-301F-11D3-BF4B-00C04F79EFBC}") = "KeysmithTests", "KeysmithTests\KeysmithTests.csproj", "{D466020A-7C95-446E-903B-6FB1A680FC9D}"
EndProject
Global
	GlobalSection(SolutionConfigurationPlatforms) = preSolution
		Debug|Any CPU = Debug|Any CPU
		Release|Any CPU = Release|Any CPU
	EndGlobalSection
	GlobalSection(ProjectConfigurationPlatforms) = postSolution
		{730A3BF1-4580-4512-8320-018F227313D3}.Debug|Any CPU.ActiveCfg = Debug|Any CPU
		{730A3BF1-4580-4512-8320-018F227313D3}.Debug|Any CPU.Build.0 = Debug|Any CPU
		{730A3BF1-4580-4512-8320-018F227313D3}.Debug|Any CPU.Deploy.0 = Debug|Any CPU
		{730A3BF1-4580-4512-8320-018F227313D3}.Release|Any CPU.ActiveCfg = Release|Any CPU
		{730A3BF1-4580-4512-8320-018F227313D3}.Release|Any CPU.Build.0 = Release|Any CPU
		{730A3BF1-4580-4512-8320-018F227313D3}.Release|Any CPU.Deploy.0 = Release|Any CPU
		{3D045497-12AE-4ADE-96D1-05E1CEEA510C}.Debug|Any CPU.ActiveCfg = Debug|Any CPU
		{3D045497-12AE-4ADE-96D1-05E1CEEA510C}.Debug|Any CPU.Build.0 = Debug|Any CPU
		{3D045497-12AE-4ADE-96D1-05E1CEEA510C}.Debug|Any CPU.Deploy.0 = Debug|Any CPU
		{3D045497-12AE-4ADE-96D1-05E1CEEA510C}.Release|Any CPU.ActiveCfg = Release|Any CPU
		{3D045497-12AE-4ADE-96D1-05E1CEEA510C}.Release|Any CPU.Build.0 = Release|Any CPU
		{3D045497-12AE-4ADE-96D1-05E1CEEA510C}.Release|Any CPU.Deploy.0 = Release|Any CPU
		{D466020A-7C95-446E-903B-6FB1A680FC9D}.Debug|Any CPU.ActiveCfg = Debug|Any CPU
		{D466020A-7C95-446E-903B-6FB1A680FC9D}.Debug|Any CPU.Build.0 = Debug|Any CPU
		{D466020A-7C95-446E-903B-6FB1A680FC9D}.Release|Any CPU.ActiveCfg = Release|Any CPU
		{D466020A-7C95-446E-903B-6FB1A680FC9D}.Release|Any CPU.Build.0 = Release|Any CPU
	EndGlobalSection
	GlobalSection(SolutionProperties) = preSolution
		HideSolutionNode = FALSE
	EndGlobalSection
	GlobalSection(ExtensibilityGlobals) = postSolution
		SolutionGuid = {1425F4E5-5B52-4D9C-8CDD-1BCBCD5F81A5}
	EndGlobalSection
EndGlobal
